
Microsoft Visual Studio Solution File, Format Version 12.00
# Visual Studio Version 17
VisualStudioVersion = 17.11.35312.102
MinimumVisualStudioVersion = 10.0.40219.1
Project("{9A19103F-16F7-4668-BE54-9A1E7A4F7556}") = "Impeakster Among Us", "Impeakster Among Us\Impeakster Among Us\src\Impeakster Among Us\Impeakster Among Us.csproj", "{8D0869CB-39E6-4B1F-9F60-C5242D86DE2C}"
EndProject
Global
	GlobalSection(SolutionConfigurationPlatforms) = preSolution
		Debug|Any CPU = Debug|Any CPU
		Release|Any CPU = Release|Any CPU
	EndGlobalSection
	GlobalSection(ProjectConfigurationPlatforms) = postSolution
		{8D0869CB-39E6-4B1F-9F60-C5242D86DE2C}.Debug|Any CPU.ActiveCfg = Release|Any CPU
		{8D0869CB-39E6-4B1F-9F60-C5242D86DE2C}.Debug|Any CPU.Build.0 = Release|Any CPU
		{8D0869CB-39E6-4B1F-9F60-C5242D86DE2C}.Release|Any CPU.ActiveCfg = Release|Any CPU
		{8D0869CB-39E6-4B1F-9F60-C5242D86DE2C}.Release|Any CPU.Build.0 = Release|Any CPU
	EndGlobalSection
	GlobalSection(SolutionProperties) = preSolution
		HideSolutionNode = FALSE
	EndGlobalSection
	GlobalSection(ExtensibilityGlobals) = postSolution
		SolutionGuid = {4979D342-8137-4961-9758-1CC6524BBD1A}
	EndGlobalSection
EndGlobal
